// !$*UTF8*$!
{
	archiveVersion = 1;
	classes = {
	};
	objectVersion = 56;
	objects = {

/* Begin PBXBuildFile section */
		7F9947F02A10C54700B3C6A6 /* AppDelegate.swift in Sources */ = {isa = PBXBuildFile; fileRef = 7F9947EF2A10C54700B3C6A6 /* AppDelegate.swift */; };
		7F9947F22A10C54700B3C6A6 /* SceneDelegate.swift in Sources */ = {isa = PBXBuildFile; fileRef = 7F9947F12A10C54700B3C6A6 /* SceneDelegate.swift */; };
		7F9947F42A10C54700B3C6A6 /* ViewController.swift in Sources */ = {isa = PBXBuildFile; fileRef = 7F9947F32A10C54700B3C6A6 /* ViewController.swift */; };
		7F9947F72A10C54700B3C6A6 /* Main.storyboard in Resources */ = {isa = PBXBuildFile; fileRef = 7F9947F52A10C54700B3C6A6 /* Main.storyboard */; };
		7F9947F92A10C54800B3C6A6 /* Assets.xcassets in Resources */ = {isa = PBXBuildFile; fileRef = 7F9947F82A10C54800B3C6A6 /* Assets.xcassets */; };
		7F9947FC2A10C54800B3C6A6 /* LaunchScreen.storyboard in Resources */ = {isa = PBXBuildFile; fileRef = 7F9947FA2A10C54800B3C6A6 /* LaunchScreen.storyboard */; };
		7F9948042A10CAE900B3C6A6 /* QuestionViewController.swift in Sources */ = {isa = PBXBuildFile; fileRef = 7F9948032A10CAE900B3C6A6 /* QuestionViewController.swift */; };
		7F9948062A10CAF800B3C6A6 /* FinishViewController.swift in Sources */ = {isa = PBXBuildFile; fileRef = 7F9948052A10CAF800B3C6A6 /* FinishViewController.swift */; };
		7F9948082A10CAFF00B3C6A6 /* AddViewController.swift in Sources */ = {isa = PBXBuildFile; fileRef = 7F9948072A10CAFF00B3C6A6 /* AddViewController.swift */; };
		7F99480A2A10CB2700B3C6A6 /* ListTableViewController.swift in Sources */ = {isa = PBXBuildFile; fileRef = 7F9948092A10CB2700B3C6A6 /* ListTableViewController.swift */; };
		7F99480D2A10CB3500B3C6A6 /* ListTableViewCell.swift in Sources */ = {isa = PBXBuildFile; fileRef = 7F99480B2A10CB3500B3C6A6 /* ListTableViewCell.swift */; };
		7F99480E2A10CB3500B3C6A6 /* ListTableViewCell.xib in Resources */ = {isa = PBXBuildFile; fileRef = 7F99480C2A10CB3500B3C6A6 /* ListTableViewCell.xib */; };
/* End PBXBuildFile section */

/* Begin PBXFileReference section */
		7F9947EC2A10C54700B3C6A6 /* WordList2.app */ = {isa = PBXFileReference; explicitFileType = wrapper.application; includeInIndex = 0; path = WordList2.app; sourceTree = BUILT_PRODUCTS_DIR; };
		7F9947EF2A10C54700B3C6A6 /* AppDelegate.swift */ = {isa = PBXFileReference; lastKnownFileType = sourcecode.swift; path = AppDelegate.swift; sourceTree = "<group>"; };
		7F9947F12A10C54700B3C6A6 /* SceneDelegate.swift */ = {isa = PBXFileReference; lastKnownFileType = sourcecode.swift; path = SceneDelegate.swift; sourceTree = "<group>"; };
		7F9947F32A10C54700B3C6A6 /* ViewController.swift */ = {isa = PBXFileReference; lastKnownFileType = sourcecode.swift; path = ViewController.swift; sourceTree = "<group>"; };
		7F9947F62A10C54700B3C6A6 /* Base */ = {isa = PBXFileReference; lastKnownFileType = file.storyboard; name = Base; path = Base.lproj/Main.storyboard; sourceTree = "<group>"; };
		7F9947F82A10C54800B3C6A6 /* Assets.xcassets */ = {isa = PBXFileReference; lastKnownFileType = folder.assetcatalog; path = Assets.xcassets; sourceTree = "<group>"; };
		7F9947FB2A10C54800B3C6A6 /* Base */ = {isa = PBXFileReference; lastKnownFileType = file.storyboard; name = Base; path = Base.lproj/LaunchScreen.storyboard; sourceTree = "<group>"; };
		7F9947FD2A10C54800B3C6A6 /* Info.plist */ = {isa = PBXFileReference; lastKnownFileType = text.plist.xml; path = Info.plist; sourceTree = "<group>"; };
		7F9948032A10CAE900B3C6A6 /* QuestionViewController.swift */ = {isa = PBXFileReference; lastKnownFileType = sourcecode.swift; path = QuestionViewController.swift; sourceTree = "<group>"; };
		7F9948052A10CAF800B3C6A6 /* FinishViewController.swift */ = {isa = PBXFileReference; lastKnownFileType = sourcecode.swift; path = FinishViewController.swift; sourceTree = "<group>"; };
		7F9948072A10CAFF00B3C6A6 /* AddViewController.swift */ = {isa = PBXFileReference; lastKnownFileType = sourcecode.swift; path = AddViewController.swift; sourceTree = "<group>"; };
		7F9948092A10CB2700B3C6A6 /* ListTableViewController.swift */ = {isa = PBXFileReference; lastKnownFileType = sourcecode.swift; path = ListTableViewController.swift; sourceTree = "<group>"; };
		7F99480B2A10CB3500B3C6A6 /* ListTableViewCell.swift */ = {isa = PBXFileReference; lastKnownFileType = sourcecode.swift; path = ListTableViewCell.swift; sourceTree = "<group>"; };
		7F99480C2A10CB3500B3C6A6 /* ListTableViewCell.xib */ = {isa = PBXFileReference; lastKnownFileType = file.xib; path = ListTableViewCell.xib; sourceTree = "<group>"; };
/* End PBXFileReference section */

/* Begin PBXFrameworksBuildPhase section */
		7F9947E92A10C54700B3C6A6 /* Frameworks */ = {
			isa = PBXFrameworksBuildPhase;
			buildActionMask = 2147483647;
			files = (
			);
			runOnlyForDeploymentPostprocessing = 0;
		};
/* End PBXFrameworksBuildPhase section */

/* Begin PBXGroup section */
		7F9947E32A10C54700B3C6A6 = {
			isa = PBXGroup;
			children = (
				7F9947EE2A10C54700B3C6A6 /* WordList2 */,
				7F9947ED2A10C54700B3C6A6 /* Products */,
			);
			sourceTree = "<group>";
		};
		7F9947ED2A10C54700B3C6A6 /* Products */ = {
			isa = PBXGroup;
			children = (
				7F9947EC2A10C54700B3C6A6 /* WordList2.app */,
			);
			name = Products;
			sourceTree = "<group>";
		};
		7F9947EE2A10C54700B3C6A6 /* WordList2 */ = {
			isa = PBXGroup;
			children = (
				7F9947EF2A10C54700B3C6A6 /* AppDelegate.swift */,
				7F9947F12A10C54700B3C6A6 /* SceneDelegate.swift */,
				7F9947F32A10C54700B3C6A6 /* ViewController.swift */,
				7F9947F52A10C54700B3C6A6 /* Main.storyboard */,
				7F9947F82A10C54800B3C6A6 /* Assets.xcassets */,
				7F9947FA2A10C54800B3C6A6 /* LaunchScreen.storyboard */,
				7F9948032A10CAE900B3C6A6 /* QuestionViewController.swift */,
				7F9948052A10CAF800B3C6A6 /* FinishViewController.swift */,
				7F9948072A10CAFF00B3C6A6 /* AddViewController.swift */,
				7F9948092A10CB2700B3C6A6 /* ListTableViewController.swift */,
				7F99480B2A10CB3500B3C6A6 /* ListTableViewCell.swift */,
				7F99480C2A10CB3500B3C6A6 /* ListTableViewCell.xib */,
				7F9947FD2A10C54800B3C6A6 /* Info.plist */,
			);
			path = WordList2;
			sourceTree = "<group>";
		};
/* End PBXGroup section */

/* Begin PBXNativeTarget section */
		7F9947EB2A10C54700B3C6A6 /* WordList2 */ = {
			isa = PBXNativeTarget;
			buildConfigurationList = 7F9948002A10C54800B3C6A6 /* Build configuration list for PBXNativeTarget "WordList2" */;
			buildPhases = (
				7F9947E82A10C54700B3C6A6 /* Sources */,
				7F9947E92A10C54700B3C6A6 /* Frameworks */,
				7F9947EA2A10C54700B3C6A6 /* Resources */,
			);
			buildRules = (
			);
			dependencies = (
			);
			name = WordList2;
			productName = WordList2;
			productReference = 7F9947EC2A10C54700B3C6A6 /* WordList2.app */;
			productType = "com.apple.product-type.application";
		};
/* End PBXNativeTarget section */

/* Begin PBXProject section */
		7F9947E42A10C54700B3C6A6 /* Project object */ = {
			isa = PBXProject;
			attributes = {
				BuildIndependentTargetsInParallel = 1;
				LastSwiftUpdateCheck = 1430;
				LastUpgradeCheck = 1430;
				TargetAttributes = {
					7F9947EB2A10C54700B3C6A6 = {
						CreatedOnToolsVersion = 14.3;
					};
				};
			};
			buildConfigurationList = 7F9947E72A10C54700B3C6A6 /* Build configuration list for PBXProject "WordList2" */;
			compatibilityVersion = "Xcode 14.0";
			developmentRegion = en;
			hasScannedForEncodings = 0;
			knownRegions = (
				en,
				Base,
			);
			mainGroup = 7F9947E32A10C54700B3C6A6;
			productRefGroup = 7F9947ED2A10C54700B3C6A6 /* Products */;
			projectDirPath = "";
			projectRoot = "";
			targets = (
				7F9947EB2A10C54700B3C6A6 /* WordList2 */,
			);
		};
/* End PBXProject section */

/* Begin PBXResourcesBuildPhase section */
		7F9947EA2A10C54700B3C6A6 /* Resources */ = {
			isa = PBXResourcesBuildPhase;
			buildActionMask = 2147483647;
			files = (
				7F9947FC2A10C54800B3C6A6 /* LaunchScreen.storyboard in Resources */,
				7F99480E2A10CB3500B3C6A6 /* ListTableViewCell.xib in Resources */,
				7F9947F92A10C54800B3C6A6 /* Assets.xcassets in Resources */,
				7F9947F72A10C54700B3C6A6 /* Main.storyboard in Resources */,
			);
			runOnlyForDeploymentPostprocessing = 0;
		};
/* End PBXResourcesBuildPhase section */

/* Begin PBXSourcesBuildPhase section */
		7F9947E82A10C54700B3C6A6 /* Sources */ = {
			isa = PBXSourcesBuildPhase;
			buildActionMask = 2147483647;
			files = (
				7F9948062A10CAF800B3C6A6 /* FinishViewController.swift in Sources */,
				7F99480D2A10CB3500B3C6A6 /* ListTableViewCell.swift in Sources */,
				7F9947F42A10C54700B3C6A6 /* ViewController.swift in Sources */,
				7F9948082A10CAFF00B3C6A6 /* AddViewController.swift in Sources */,
				7F9947F02A10C54700B3C6A6 /* AppDelegate.swift in Sources */,
				7F9948042A10CAE900B3C6A6 /* QuestionViewController.swift in Sources */,
				7F9947F22A10C54700B3C6A6 /* SceneDelegate.swift in Sources */,
				7F99480A2A10CB2700B3C6A6 /* ListTableViewController.swift in Sources */,
			);
			runOnlyForDeploymentPostprocessing = 0;
		};
/* End PBXSourcesBuildPhase section */

/* Begin PBXVariantGroup section */
		7F9947F52A10C54700B3C6A6 /* Main.storyboard */ = {
			isa = PBXVariantGroup;
			children = (
				7F9947F62A10C54700B3C6A6 /* Base */,
			);
			name = Main.storyboard;
			sourceTree = "<group>";
		};
		7F9947FA2A10C54800B3C6A6 /* LaunchScreen.storyboard */ = {
			isa = PBXVariantGroup;
			children = (
				7F9947FB2A10C54800B3C6A6 /* Base */,
			);
			name = LaunchScreen.storyboard;
			sourceTree = "<group>";
		};
/* End PBXVariantGroup section */

/* Begin XCBuildConfiguration section */
		7F9947FE2A10C54800B3C6A6 /* Debug */ = {
			isa = XCBuildConfiguration;
			buildSettings = {
				ALWAYS_SEARCH_USER_PATHS = NO;
				CLANG_ANALYZER_NONNULL = YES;
				CLANG_ANALYZER_NUMBER_OBJECT_CONVERSION = YES_AGGRESSIVE;
				CLANG_CXX_LANGUAGE_STANDARD = "gnu++20";
				CLANG_ENABLE_MODULES = YES;
				CLANG_ENABLE_OBJC_ARC = YES;
				CLANG_ENABLE_OBJC_WEAK = YES;
				CLANG_WARN_BLOCK_CAPTURE_AUTORELEASING = YES;
				CLANG_WARN_BOOL_CONVERSION = YES;
				CLANG_WARN_COMMA = YES;
				CLANG_WARN_CONSTANT_CONVERSION = YES;
				CLANG_WARN_DEPRECATED_OBJC_IMPLEMENTATIONS = YES;
				CLANG_WARN_DIRECT_OBJC_ISA_USAGE = YES_ERROR;
				CLANG_WARN_DOCUMENTATION_COMMENTS = YES;
				CLANG_WARN_EMPTY_BODY = YES;
				CLANG_WARN_ENUM_CONVERSION = YES;
				CLANG_WARN_INFINITE_RECURSION = YES;
				CLANG_WARN_INT_CONVERSION = YES;
				CLANG_WARN_NON_LITERAL_NULL_CONVERSION = YES;
				CLANG_WARN_OBJC_IMPLICIT_RETAIN_SELF = YES;
				CLANG_WARN_OBJC_LITERAL_CONVERSION = YES;
				CLANG_WARN_OBJC_ROOT_CLASS = YES_ERROR;
				CLANG_WARN_QUOTED_INCLUDE_IN_FRAMEWORK_HEADER = YES;
				CLANG_WARN_RANGE_LOOP_ANALYSIS = YES;
				CLANG_WARN_STRICT_PROTOTYPES = YES;
				CLANG_WARN_SUSPICIOUS_MOVE = YES;
				CLANG_WARN_UNGUARDED_AVAILABILITY = YES_AGGRESSIVE;
				CLANG_WARN_UNREACHABLE_CODE = YES;
				CLANG_WARN__DUPLICATE_METHOD_MATCH = YES;
				COPY_PHASE_STRIP = NO;
				DEBUG_INFORMATION_FORMAT = dwarf;
				ENABLE_STRICT_OBJC_MSGSEND = YES;
				ENABLE_TESTABILITY = YES;
				GCC_C_LANGUAGE_STANDARD = gnu11;
				GCC_DYNAMIC_NO_PIC = NO;
				GCC_NO_COMMON_BLOCKS = YES;
				GCC_OPTIMIZATION_LEVEL = 0;
				GCC_PREPROCESSOR_DEFINITIONS = (
					"DEBUG=1",
					"$(inherited)",
				);
				GCC_WARN_64_TO_32_BIT_CONVERSION = YES;
				GCC_WARN_ABOUT_RETURN_TYPE = YES_ERROR;
				GCC_WARN_UNDECLARED_SELECTOR = YES;
				GCC_WARN_UNINITIALIZED_AUTOS = YES_AGGRESSIVE;
				GCC_WARN_UNUSED_FUNCTION = YES;
				GCC_WARN_UNUSED_VARIABLE = YES;
				IPHONEOS_DEPLOYMENT_TARGET = 16.4;
				MTL_ENABLE_DEBUG_INFO = INCLUDE_SOURCE;
				MTL_FAST_MATH = YES;
				ONLY_ACTIVE_ARCH = YES;
				SDKROOT = iphoneos;
				SWIFT_ACTIVE_COMPILATION_CONDITIONS = DEBUG;
				SWIFT_OPTIMIZATION_LEVEL = "-Onone";
			};
			name = Debug;
		};
		7F9947FF2A10C54800B3C6A6 /* Release */ = {
			isa = XCBuildConfiguration;
			buildSettings = {
				ALWAYS_SEARCH_USER_PATHS = NO;
				CLANG_ANALYZER_NONNULL = YES;
				CLANG_ANALYZER_NUMBER_OBJECT_CONVERSION = YES_AGGRESSIVE;
				CLANG_CXX_LANGUAGE_STANDARD = "gnu++20";
				CLANG_ENABLE_MODULES = YES;
				CLANG_ENABLE_OBJC_ARC = YES;
				CLANG_ENABLE_OBJC_WEAK = YES;
				CLANG_WARN_BLOCK_CAPTURE_AUTORELEASING = YES;
				CLANG_WARN_BOOL_CONVERSION = YES;
				CLANG_WARN_COMMA = YES;
				CLANG_WARN_CONSTANT_CONVERSION = YES;
				CLANG_WARN_DEPRECATED_OBJC_IMPLEMENTATIONS = YES;
				CLANG_WARN_DIRECT_OBJC_ISA_USAGE = YES_ERROR;
				CLANG_WARN_DOCUMENTATION_COMMENTS = YES;
				CLANG_WARN_EMPTY_BODY = YES;
				CLANG_WARN_ENUM_CONVERSION = YES;
				CLANG_WARN_INFINITE_RECURSION = YES;
				CLANG_WARN_INT_CONVERSION = YES;
				CLANG_WARN_NON_LITERAL_NULL_CONVERSION = YES;
				CLANG_WARN_OBJC_IMPLICIT_RETAIN_SELF = YES;
				CLANG_WARN_OBJC_LITERAL_CONVERSION = YES;
				CLANG_WARN_OBJC_ROOT_CLASS = YES_ERROR;
				CLANG_WARN_QUOTED_INCLUDE_IN_FRAMEWORK_HEADER = YES;
				CLANG_WARN_RANGE_LOOP_ANALYSIS = YES;
				CLANG_WARN_STRICT_PROTOTYPES = YES;
				CLANG_WARN_SUSPICIOUS_MOVE = YES;
				CLANG_WARN_UNGUARDED_AVAILABILITY = YES_AGGRESSIVE;
				CLANG_WARN_UNREACHABLE_CODE = YES;
				CLANG_WARN__DUPLICATE_METHOD_MATCH = YES;
				COPY_PHASE_STRIP = NO;
				DEBUG_INFORMATION_FORMAT = "dwarf-with-dsym";
				ENABLE_NS_ASSERTIONS = NO;
				ENABLE_STRICT_OBJC_MSGSEND = YES;
				GCC_C_LANGUAGE_STANDARD = gnu11;
				GCC_NO_COMMON_BLOCKS = YES;
				GCC_WARN_64_TO_32_BIT_CONVERSION = YES;
				GCC_WARN_ABOUT_RETURN_TYPE = YES_ERROR;
				GCC_WARN_UNDECLARED_SELECTOR = YES;
				GCC_WARN_UNINITIALIZED_AUTOS = YES_AGGRESSIVE;
				GCC_WARN_UNUSED_FUNCTION = YES;
				GCC_WARN_UNUSED_VARIABLE = YES;
				IPHONEOS_DEPLOYMENT_TARGET = 16.4;
				MTL_ENABLE_DEBUG_INFO = NO;
				MTL_FAST_MATH = YES;
				SDKROOT = iphoneos;
				SWIFT_COMPILATION_MODE = wholemodule;
				SWIFT_OPTIMIZATION_LEVEL = "-O";
				VALIDATE_PRODUCT = YES;
			};
			name = Release;
		};
		7F9948012A10C54800B3C6A6 /* Debug */ = {
			isa = XCBuildConfiguration;
			buildSettings = {
				ASSETCATALOG_COMPILER_APPICON_NAME = AppIcon;
				ASSETCATALOG_COMPILER_GLOBAL_ACCENT_COLOR_NAME = AccentColor;
				CODE_SIGN_STYLE = Automatic;
				CURRENT_PROJECT_VERSION = 1;
				GENERATE_INFOPLIST_FILE = YES;
				INFOPLIST_FILE = WordList2/Info.plist;
				INFOPLIST_KEY_UIApplicationSupportsIndirectInputEvents = YES;
				INFOPLIST_KEY_UILaunchStoryboardName = LaunchScreen;
				INFOPLIST_KEY_UIMainStoryboardFile = Main;
				INFOPLIST_KEY_UISupportedInterfaceOrientations_iPad = "UIInterfaceOrientationPortrait UIInterfaceOrientationPortraitUpsideDown UIInterfaceOrientationLandscapeLeft UIInterfaceOrientationLandscapeRight";
				INFOPLIST_KEY_UISupportedInterfaceOrientations_iPhone = "UIInterfaceOrientationPortrait UIInterfaceOrientationLandscapeLeft UIInterfaceOrientationLandscapeRight";
				LD_RUNPATH_SEARCH_PATHS = (
					"$(inherited)",
					"@executable_path/Frameworks",
				);
				MARKETING_VERSION = 1.0;
				PRODUCT_BUNDLE_IDENTIFIER = app.mori.dars.WordList2;
				PRODUCT_NAME = "$(TARGET_NAME)";
				SWIFT_EMIT_LOC_STRINGS = YES;
				SWIFT_VERSION = 5.0;
				TARGETED_DEVICE_FAMILY = "1,2";
			};
			name = Debug;
		};
		7F9948022A10C54800B3C6A6 /* Release */ = {
			isa = XCBuildConfiguration;
			buildSettings = {
				ASSETCATALOG_COMPILER_APPICON_NAME = AppIcon;
				ASSETCATALOG_COMPILER_GLOBAL_ACCENT_COLOR_NAME = AccentColor;
				CODE_SIGN_STYLE = Automatic;
				CURRENT_PROJECT_VERSION = 1;
				GENERATE_INFOPLIST_FILE = YES;
				INFOPLIST_FILE = WordList2/Info.plist;
				INFOPLIST_KEY_UIApplicationSupportsIndirectInputEvents = YES;
				INFOPLIST_KEY_UILaunchStoryboardName = LaunchScreen;
				INFOPLIST_KEY_UIMainStoryboardFile = Main;
				INFOPLIST_KEY_UISupportedInterfaceOrientations_iPad = "UIInterfaceOrientationPortrait UIInterfaceOrientationPortraitUpsideDown UIInterfaceOrientationLandscapeLeft UIInterfaceOrientationLandscapeRight";
				INFOPLIST_KEY_UISupportedInterfaceOrientations_iPhone = "UIInterfaceOrientationPortrait UIInterfaceOrientationLandscapeLeft UIInterfaceOrientationLandscapeRight";
				LD_RUNPATH_SEARCH_PATHS = (
					"$(inherited)",
					"@executable_path/Frameworks",
				);
				MARKETING_VERSION = 1.0;
				PRODUCT_BUNDLE_IDENTIFIER = app.mori.dars.WordList2;
				PRODUCT_NAME = "$(TARGET_NAME)";
				SWIFT_EMIT_LOC_STRINGS = YES;
				SWIFT_VERSION = 5.0;
				TARGETED_DEVICE_FAMILY = "1,2";
			};
			name = Release;
		};
/* End XCBuildConfiguration section */

/* Begin XCConfigurationList section */
		7F9947E72A10C54700B3C6A6 /* Build configuration list for PBXProject "WordList2" */ = {
			isa = XCConfigurationList;
			buildConfigurations = (
				7F9947FE2A10C54800B3C6A6 /* Debug */,
				7F9947FF2A10C54800B3C6A6 /* Release */,
			);
			defaultConfigurationIsVisible = 0;
			defaultConfigurationName = Release;
		};
		7F9948002A10C54800B3C6A6 /* Build configuration list for PBXNativeTarget "WordList2" */ = {
			isa = XCConfigurationList;
			buildConfigurations = (
				7F9948012A10C54800B3C6A6 /* Debug */,
				7F9948022A10C54800B3C6A6 /* Release */,
			);
			defaultConfigurationIsVisible = 0;
			defaultConfigurationName = Release;
		};
/* End XCConfigurationList section */
	};
	rootObject = 7F9947E42A10C54700B3C6A6 /* Project object */;
}
